{
  "name": "@pablo-mayrgundter/diurnal.js",
  "version": "1.0.3",
  "lockfileVersion": 2,
  "requires": true,
  "packages": {
    "": {
      "name": "@pablo-mayrgundter/diurnal.js",
      "version": "1.0.3",
      "license": "ISC",
      "dependencies": {
        "@pablo-mayrgundter/cookies.js": "^1.0.0"
      }
    },
    "node_modules/@pablo-mayrgundter/cookies.js": {
      "version": "1.0.0",
      "resolved": "https://npm.pkg.github.com/download/@pablo-mayrgundter/cookies.js/1.0.0/cd459499e154dd24eb912d2f42f4d7760a9f671a281eefdfba69ff01440b39dc",
      "integrity": "sha512-A1m/xXhwJBLDY2h+WPzLueKyuOgeu15S+eIr5k4SUTZR7IPbYoO6GLeAtRNiIs7r/OrJld7T0fmad9RsWIYMsQ==",
      "license": "ISC"
    }
  },
  "dependencies": {
    "@pablo-mayrgundter/cookies.js": {
      "version": "1.0.0",
      "resolved": "https://npm.pkg.github.com/download/@pablo-mayrgundter/cookies.js/1.0.0/cd459499e154dd24eb912d2f42f4d7760a9f671a281eefdfba69ff01440b39dc",
      "integrity": "sha512-A1m/xXhwJBLDY2h+WPzLueKyuOgeu15S+eIr5k4SUTZR7IPbYoO6GLeAtRNiIs7r/OrJld7T0fmad9RsWIYMsQ=="
    }
  }
}
